<?xml version="1.0" encoding="utf-8"?>
<Project ToolsVersion="4.0" xmlns="http://schemas.microsoft.com/developer/msbuild/2003">
  <ItemGroup>
    <Filter Include="Algoritm">
      <UniqueIdentifier>{4FC737F1-C7A5-4376-A066-2A32D752A2FF}</UniqueIdentifier>
      <Extensions>cpp;c;cc;cxx;c++;cppm;ixx;def;odl;idl;hpj;bat;asm;asmx</Extensions>
    </Filter>
    <Filter Include="DataStructure">
      <UniqueIdentifier>{67DA6AB6-F800-4c08-8B7A-83BB121AAD01}</UniqueIdentifier>
      <Extensions>rc;ico;cur;bmp;dlg;rc2;rct;bin;rgs;gif;jpg;jpeg;jpe;resx;tiff;tif;png;wav;mfcribbon-ms</Extensions>
    </Filter>
    <Filter Include="DataStructure\stack">
      <UniqueIdentifier>{a243512c-9a11-4abe-8104-c14294ae1022}</UniqueIdentifier>
    </Filter>
    <Filter Include="DataStructure\queue">
      <UniqueIdentifier>{88421ff0-3cfe-492a-a058-471a315b93f4}</UniqueIdentifier>
    </Filter>
    <Filter Include="DataStructure\list">
      <UniqueIdentifier>{c9b632ab-190a-4bf4-89cb-c0623c4f2e92}</UniqueIdentifier>
    </Filter>
  </ItemGroup>
  <ItemGroup>
    <ClCompile Include="main.cpp" />
    <ClCompile Include="DataStructure\stack\9012_괄호_실버4.cpp">
      <Filter>DataStructure\stack</Filter>
    </ClCompile>
    <ClCompile Include="DataStructure\stack\10828_스택_실버4.cpp">
      <Filter>DataStructure\stack</Filter>
    </ClCompile>
    <ClCompile Include="DataStructure\stack\2493_탑_골드5.cpp">
      <Filter>DataStructure\stack</Filter>
    </ClCompile>
  </ItemGroup>
  <ItemGroup>
    <ClInclude Include="DataStructure\stack\stack.h">
      <Filter>DataStructure\stack</Filter>
    </ClInclude>
    <ClInclude Include="DataStructure\queue\queue.h">
      <Filter>DataStructure\queue</Filter>
    </ClInclude>
    <ClInclude Include="DataStructure\queue\CircularQueue.h">
      <Filter>DataStructure\queue</Filter>
    </ClInclude>
    <ClInclude Include="DataStructure\queue\DynamicQueue.h">
      <Filter>DataStructure\queue</Filter>
    </ClInclude>
    <ClInclude Include="DataStructure\queue\LinearQueue.h">
      <Filter>DataStructure\queue</Filter>
    </ClInclude>
    <ClInclude Include="DataStructure\list\ArrayList.h">
      <Filter>DataStructure\list</Filter>
    </ClInclude>
    <ClInclude Include="DataStructure\list\LinkedList.h">
      <Filter>DataStructure\list</Filter>
    </ClInclude>
    <ClInclude Include="DataStructure\list\CircularLinkedList.h">
      <Filter>DataStructure\list</Filter>
    </ClInclude>
    <ClInclude Include="DataStructure\list\node.h">
      <Filter>DataStructure\list</Filter>
    </ClInclude>
  </ItemGroup>
</Project>