<?xml version="1.0" encoding="utf-8"?>
<Project ToolsVersion="4.0" xmlns="http://schemas.microsoft.com/developer/msbuild/2003">
  <ItemGroup>
    <Filter Include="DataStructure">
      <UniqueIdentifier>{67DA6AB6-F800-4c08-8B7A-83BB121AAD01}</UniqueIdentifier>
      <Extensions>rc;ico;cur;bmp;dlg;rc2;rct;bin;rgs;gif;jpg;jpeg;jpe;resx;tiff;tif;png;wav;mfcribbon-ms</Extensions>
    </Filter>
    <Filter Include="DataStructure\stack">
      <UniqueIdentifier>{a243512c-9a11-4abe-8104-c14294ae1022}</UniqueIdentifier>
    </Filter>
    <Filter Include="DataStructure\queue">
      <UniqueIdentifier>{88421ff0-3cfe-492a-a058-471a315b93f4}</UniqueIdentifier>
    </Filter>
    <Filter Include="DataStructure\list">
      <UniqueIdentifier>{c9b632ab-190a-4bf4-89cb-c0623c4f2e92}</UniqueIdentifier>
    </Filter>
    <Filter Include="DataStructure\tree">
      <UniqueIdentifier>{bb28fc38-e279-42bd-8007-6852456570c1}</UniqueIdentifier>
    </Filter>
    <Filter Include="Utility">
      <UniqueIdentifier>{55c704c8-2caa-49fd-bb14-bdf9a94d6dd2}</UniqueIdentifier>
    </Filter>
    <Filter Include="Algorithm">
      <UniqueIdentifier>{4FC737F1-C7A5-4376-A066-2A32D752A2FF}</UniqueIdentifier>
      <Extensions>cpp;c;cc;cxx;c++;cppm;ixx;def;odl;idl;hpj;bat;asm;asmx</Extensions>
    </Filter>
    <Filter Include="DataStructure\Hash">
      <UniqueIdentifier>{c3857897-2e70-4868-ba13-80989d68b225}</UniqueIdentifier>
    </Filter>
    <Filter Include="DataStructure\Heap">
      <UniqueIdentifier>{b8c5f7c5-e9d4-4eb1-8a64-d9424599d207}</UniqueIdentifier>
    </Filter>
    <Filter Include="DataStructure\Graph">
      <UniqueIdentifier>{635a627e-9b9c-4969-9e59-4fdaa8fa2e9c}</UniqueIdentifier>
    </Filter>
    <Filter Include="Algorithm\Dynamic_Programming">
      <UniqueIdentifier>{55b96141-6f08-419d-8ae7-7d051055e178}</UniqueIdentifier>
    </Filter>
    <Filter Include="Algorithm\Basic">
      <UniqueIdentifier>{699b4af1-14d5-4467-b2ef-3eacdd0431f2}</UniqueIdentifier>
    </Filter>
    <Filter Include="Algorithm\Dynamic_Programming">
      <UniqueIdentifier>{acabcf83-3728-4a06-8664-8f3488e96258}</UniqueIdentifier>
    </Filter>
    <Filter Include="백준 문제">
      <UniqueIdentifier>{7bb9005b-10bf-4edb-9447-7c457d8ac131}</UniqueIdentifier>
    </Filter>
    <Filter Include="Algorithm\Graph_DFS_BFS">
      <UniqueIdentifier>{a9c323bc-d4a4-44d5-ad11-05b52d3a700b}</UniqueIdentifier>
    </Filter>
  </ItemGroup>
  <ItemGroup>
    <ClCompile Include="main.cpp" />
    <ClCompile Include="DataStructure\stack\9012_괄호_실버4.cpp">
      <Filter>DataStructure\stack</Filter>
    </ClCompile>
    <ClCompile Include="DataStructure\stack\10828_스택_실버4.cpp">
      <Filter>DataStructure\stack</Filter>
    </ClCompile>
    <ClCompile Include="DataStructure\stack\2493_탑_골드5.cpp">
      <Filter>DataStructure\stack</Filter>
    </ClCompile>
    <ClCompile Include="Utility\Timer.cpp">
      <Filter>Utility</Filter>
    </ClCompile>
    <ClCompile Include="DataStructure\list\23309_철도공사_골드5.cpp">
      <Filter>DataStructure\list</Filter>
    </ClCompile>
    <ClCompile Include="DataStructure\tree\1991_트리 순회.cpp">
      <Filter>DataStructure\tree</Filter>
    </ClCompile>
    <ClCompile Include="10866_덱_실버4.cpp">
      <Filter>DataStructure\list</Filter>
    </ClCompile>
    <ClCompile Include="1920_수 찾기_실버4.cpp">
      <Filter>DataStructure\Hash</Filter>
    </ClCompile>
    <ClCompile Include="1351_무한 수열_골드5.cpp">
      <Filter>DataStructure\Hash</Filter>
    </ClCompile>
    <ClCompile Include="1927_최소 힙_실버2.cpp">
      <Filter>DataStructure\Heap</Filter>
    </ClCompile>
    <ClCompile Include="11279_최대 힙_실버2.cpp">
      <Filter>DataStructure\Heap</Filter>
    </ClCompile>
    <ClCompile Include="더 맵게_level2.cpp">
      <Filter>DataStructure\Heap</Filter>
    </ClCompile>
    <ClCompile Include="Adjancenc Matrix _인접 행렬.cpp">
      <Filter>DataStructure\Graph</Filter>
    </ClCompile>
    <ClCompile Include="Adjancenc List_인접 리스트.cpp">
      <Filter>DataStructure\Graph</Filter>
    </ClCompile>
    <ClCompile Include="DFS.cpp">
      <Filter>DataStructure\Graph</Filter>
    </ClCompile>
    <ClCompile Include="BFS.cpp">
      <Filter>DataStructure\Graph</Filter>
    </ClCompile>
    <ClCompile Include="1260_DFS와 BFS_실버2.cpp">
      <Filter>DataStructure\Graph</Filter>
    </ClCompile>
    <ClCompile Include="combination_3for.cpp">
      <Filter>Algorithm\Basic</Filter>
    </ClCompile>
    <ClCompile Include="combination_recursive.cpp">
      <Filter>Algorithm\Basic</Filter>
    </ClCompile>
    <ClCompile Include="myPermutation.cpp">
      <Filter>Algorithm\Basic</Filter>
    </ClCompile>
    <ClCompile Include="Permutation.cpp">
      <Filter>Algorithm\Basic</Filter>
    </ClCompile>
    <ClCompile Include="2839_설탕 배달_실버4.cpp">
      <Filter>Algorithm\Dynamic_Programming</Filter>
    </ClCompile>
    <ClCompile Include="prefix_sum (누적합).cpp">
      <Filter>Algorithm\Basic</Filter>
    </ClCompile>
    <ClCompile Include="구현.cpp">
      <Filter>Algorithm\Basic</Filter>
    </ClCompile>
    <ClCompile Include="1-A_2309_일곱 난쟁이_브론즈1.cpp">
      <Filter>백준 문제</Filter>
    </ClCompile>
    <ClCompile Include="1-B_10808_알파벳 개수_브론즈4.cpp">
      <Filter>백준 문제</Filter>
    </ClCompile>
    <ClCompile Include="1-C_2979_트럭 주차_브론즈2.cpp">
      <Filter>백준 문제</Filter>
    </ClCompile>
    <ClCompile Include="1-D_10988_팰린드롬인지 확인하기_브론즈2.cpp">
      <Filter>백준 문제</Filter>
    </ClCompile>
    <ClCompile Include="1-E_1159_농구 경기_브론즈2.cpp">
      <Filter>백준 문제</Filter>
    </ClCompile>
    <ClCompile Include="1-F_11655_ROT13_브론즈1.cpp">
      <Filter>백준 문제</Filter>
    </ClCompile>
    <ClCompile Include="1-G_9996_한국이 그리울 땐 서버에 접속하지_실버3.cpp">
      <Filter>백준 문제</Filter>
    </ClCompile>
    <ClCompile Include="1-H_2559_수열_실버3.cpp">
      <Filter>백준 문제</Filter>
    </ClCompile>
    <ClCompile Include="1-I_1620_나는야 포켓몬 마스터 이다솜_실버4.cpp">
      <Filter>백준 문제</Filter>
    </ClCompile>
    <ClCompile Include="1-J_9375_패션왕 신해빈_실버3.cpp">
      <Filter>백준 문제</Filter>
    </ClCompile>
    <ClCompile Include="1-K_1213_팰린드롬 만들기_실버3.cpp">
      <Filter>백준 문제</Filter>
    </ClCompile>
    <ClCompile Include="1-L_1940 주몽_실버4.cpp">
      <Filter>백준 문제</Filter>
    </ClCompile>
    <ClCompile Include="1-M_3986 좋은 단어_실버4.cpp">
      <Filter>백준 문제</Filter>
    </ClCompile>
    <ClCompile Include="1-N_1629 곱셈_실버1.cpp">
      <Filter>백준 문제</Filter>
    </ClCompile>
    <ClCompile Include="1-O_4375 1_실버3.cpp">
      <Filter>백준 문제</Filter>
    </ClCompile>
    <ClCompile Include="Question1.cpp">
      <Filter>Algorithm\Graph_DFS_BFS</Filter>
    </ClCompile>
    <ClCompile Include="Question2.cpp">
      <Filter>Algorithm\Graph_DFS_BFS</Filter>
    </ClCompile>
    <ClCompile Include="dfs_with_coding_test.cpp">
      <Filter>Algorithm\Graph_DFS_BFS</Filter>
    </ClCompile>
    <ClCompile Include="방구쟁이야.cpp">
      <Filter>Algorithm\Graph_DFS_BFS</Filter>
    </ClCompile>
    <ClCompile Include="당근마켓.cpp">
      <Filter>Algorithm\Graph_DFS_BFS</Filter>
    </ClCompile>
    <ClCompile Include="2-A_2178_미로탐색_실버1.cpp">
      <Filter>백준 문제</Filter>
    </ClCompile>
  </ItemGroup>
  <ItemGroup>
    <ClInclude Include="DataStructure\stack\stack.h">
      <Filter>DataStructure\stack</Filter>
    </ClInclude>
    <ClInclude Include="DataStructure\queue\queue.h">
      <Filter>DataStructure\queue</Filter>
    </ClInclude>
    <ClInclude Include="DataStructure\queue\CircularQueue.h">
      <Filter>DataStructure\queue</Filter>
    </ClInclude>
    <ClInclude Include="DataStructure\queue\DynamicQueue.h">
      <Filter>DataStructure\queue</Filter>
    </ClInclude>
    <ClInclude Include="DataStructure\queue\LinearQueue.h">
      <Filter>DataStructure\queue</Filter>
    </ClInclude>
    <ClInclude Include="DataStructure\list\ArrayList.h">
      <Filter>DataStructure\list</Filter>
    </ClInclude>
    <ClInclude Include="DataStructure\list\LinkedList.h">
      <Filter>DataStructure\list</Filter>
    </ClInclude>
    <ClInclude Include="DataStructure\list\CircularDoublyLinkedList.h">
      <Filter>DataStructure\list</Filter>
    </ClInclude>
    <ClInclude Include="DataStructure\list\node.h">
      <Filter>DataStructure\list</Filter>
    </ClInclude>
    <ClInclude Include="DataStructure\tree\BinarySearchTree.h">
      <Filter>DataStructure\tree</Filter>
    </ClInclude>
    <ClInclude Include="Utility\Timer.h">
      <Filter>Utility</Filter>
    </ClInclude>
    <ClInclude Include="Utility\MyException.h">
      <Filter>Utility</Filter>
    </ClInclude>
    <ClInclude Include="deque.h">
      <Filter>DataStructure\list</Filter>
    </ClInclude>
    <ClInclude Include="hash_map.h">
      <Filter>DataStructure\Hash</Filter>
    </ClInclude>
    <ClInclude Include="hash_multimap.h">
      <Filter>DataStructure\Hash</Filter>
    </ClInclude>
    <ClInclude Include="heap.h">
      <Filter>DataStructure\Heap</Filter>
    </ClInclude>
    <ClInclude Include="graph.h">
      <Filter>DataStructure\Graph</Filter>
    </ClInclude>
  </ItemGroup>
  <ItemGroup>
    <None Include="hash_map.inl">
      <Filter>DataStructure\Hash</Filter>
    </None>
    <None Include="hash_multimap.inl">
      <Filter>DataStructure\Hash</Filter>
    </None>
  </ItemGroup>
</Project>