
Microsoft Visual Studio Solution File, Format Version 12.00
# Visual Studio Version 16
VisualStudioVersion = 16.0.31410.357
MinimumVisualStudioVersion = 10.0.40219.1
Project("{8BC9CEB8-8B4A-11D0-8D11-00A0C91BC942}") = "DataStructure-Algorithm", "DataStructure-Algorithm.vcxproj", "{5233B597-0FA7-44BC-8A73-FE8620CC21E1}"
EndProject
Project("{8BC9CEB8-8B4A-11D0-8D11-00A0C91BC942}") = "Memorize", "..\Memorize\Memorize.vcxproj", "{1788DD14-77F7-47CA-BC6C-39D271804B8F}"
EndProject
Project("{8BC9CEB8-8B4A-11D0-8D11-00A0C91BC942}") = "Test_Project", "..\Test_Project\Test_Project.vcxproj", "{8C3F3F61-95EA-4303-B049-7D6CA6939A0C}"
EndProject
Global
	GlobalSection(SolutionConfigurationPlatforms) = preSolution
		Debug|x64 = Debug|x64
		Debug|x86 = Debug|x86
		Release|x64 = Release|x64
		Release|x86 = Release|x86
	EndGlobalSection
	GlobalSection(ProjectConfigurationPlatforms) = postSolution
		{5233B597-0FA7-44BC-8A73-FE8620CC21E1}.Debug|x64.ActiveCfg = Debug|x64
		{5233B597-0FA7-44BC-8A73-FE8620CC21E1}.Debug|x64.Build.0 = Debug|x64
		{5233B597-0FA7-44BC-8A73-FE8620CC21E1}.Debug|x86.ActiveCfg = Debug|Win32
		{5233B597-0FA7-44BC-8A73-FE8620CC21E1}.Debug|x86.Build.0 = Debug|Win32
		{5233B597-0FA7-44BC-8A73-FE8620CC21E1}.Release|x64.ActiveCfg = Release|x64
		{5233B597-0FA7-44BC-8A73-FE8620CC21E1}.Release|x64.Build.0 = Release|x64
		{5233B597-0FA7-44BC-8A73-FE8620CC21E1}.Release|x86.ActiveCfg = Release|Win32
		{5233B597-0FA7-44BC-8A73-FE8620CC21E1}.Release|x86.Build.0 = Release|Win32
		{1788DD14-77F7-47CA-BC6C-39D271804B8F}.Debug|x64.ActiveCfg = Debug|x64
		{1788DD14-77F7-47CA-BC6C-39D271804B8F}.Debug|x64.Build.0 = Debug|x64
		{1788DD14-77F7-47CA-BC6C-39D271804B8F}.Debug|x86.ActiveCfg = Debug|Win32
		{1788DD14-77F7-47CA-BC6C-39D271804B8F}.Debug|x86.Build.0 = Debug|Win32
		{1788DD14-77F7-47CA-BC6C-39D271804B8F}.Release|x64.ActiveCfg = Release|x64
		{1788DD14-77F7-47CA-BC6C-39D271804B8F}.Release|x64.Build.0 = Release|x64
		{1788DD14-77F7-47CA-BC6C-39D271804B8F}.Release|x86.ActiveCfg = Release|Win32
		{1788DD14-77F7-47CA-BC6C-39D271804B8F}.Release|x86.Build.0 = Release|Win32
		{8C3F3F61-95EA-4303-B049-7D6CA6939A0C}.Debug|x64.ActiveCfg = Debug|x64
		{8C3F3F61-95EA-4303-B049-7D6CA6939A0C}.Debug|x64.Build.0 = Debug|x64
		{8C3F3F61-95EA-4303-B049-7D6CA6939A0C}.Debug|x86.ActiveCfg = Debug|Win32
		{8C3F3F61-95EA-4303-B049-7D6CA6939A0C}.Debug|x86.Build.0 = Debug|Win32
		{8C3F3F61-95EA-4303-B049-7D6CA6939A0C}.Release|x64.ActiveCfg = Release|x64
		{8C3F3F61-95EA-4303-B049-7D6CA6939A0C}.Release|x64.Build.0 = Release|x64
		{8C3F3F61-95EA-4303-B049-7D6CA6939A0C}.Release|x86.ActiveCfg = Release|Win32
		{8C3F3F61-95EA-4303-B049-7D6CA6939A0C}.Release|x86.Build.0 = Release|Win32
	EndGlobalSection
	GlobalSection(SolutionProperties) = preSolution
		HideSolutionNode = FALSE
	EndGlobalSection
	GlobalSection(ExtensibilityGlobals) = postSolution
		SolutionGuid = {75798981-A663-4236-8411-245EEB0DFBB3}
	EndGlobalSection
EndGlobal
