<?xml version="1.0" encoding="utf-8"?>
<Project ToolsVersion="4.0" xmlns="http://schemas.microsoft.com/developer/msbuild/2003">
  <ItemGroup>
    <Filter Include="DataStructure">
      <UniqueIdentifier>{67DA6AB6-F800-4c08-8B7A-83BB121AAD01}</UniqueIdentifier>
      <Extensions>rc;ico;cur;bmp;dlg;rc2;rct;bin;rgs;gif;jpg;jpeg;jpe;resx;tiff;tif;png;wav;mfcribbon-ms</Extensions>
    </Filter>
    <Filter Include="DataStructure\stack">
      <UniqueIdentifier>{a243512c-9a11-4abe-8104-c14294ae1022}</UniqueIdentifier>
    </Filter>
    <Filter Include="DataStructure\queue">
      <UniqueIdentifier>{88421ff0-3cfe-492a-a058-471a315b93f4}</UniqueIdentifier>
    </Filter>
    <Filter Include="DataStructure\list">
      <UniqueIdentifier>{c9b632ab-190a-4bf4-89cb-c0623c4f2e92}</UniqueIdentifier>
    </Filter>
    <Filter Include="DataStructure\tree">
      <UniqueIdentifier>{bb28fc38-e279-42bd-8007-6852456570c1}</UniqueIdentifier>
    </Filter>
    <Filter Include="Algorithm">
      <UniqueIdentifier>{4FC737F1-C7A5-4376-A066-2A32D752A2FF}</UniqueIdentifier>
      <Extensions>cpp;c;cc;cxx;c++;cppm;ixx;def;odl;idl;hpj;bat;asm;asmx</Extensions>
    </Filter>
    <Filter Include="DataStructure\Hash">
      <UniqueIdentifier>{c3857897-2e70-4868-ba13-80989d68b225}</UniqueIdentifier>
    </Filter>
    <Filter Include="DataStructure\Heap">
      <UniqueIdentifier>{b8c5f7c5-e9d4-4eb1-8a64-d9424599d207}</UniqueIdentifier>
    </Filter>
    <Filter Include="DataStructure\Graph">
      <UniqueIdentifier>{635a627e-9b9c-4969-9e59-4fdaa8fa2e9c}</UniqueIdentifier>
    </Filter>
    <Filter Include="Algorithm\Dynamic_Programming">
      <UniqueIdentifier>{55b96141-6f08-419d-8ae7-7d051055e178}</UniqueIdentifier>
    </Filter>
    <Filter Include="Algorithm\Basic">
      <UniqueIdentifier>{699b4af1-14d5-4467-b2ef-3eacdd0431f2}</UniqueIdentifier>
    </Filter>
    <Filter Include="Algorithm\Dynamic_Programming">
      <UniqueIdentifier>{acabcf83-3728-4a06-8664-8f3488e96258}</UniqueIdentifier>
    </Filter>
    <Filter Include="백준 문제">
      <UniqueIdentifier>{7bb9005b-10bf-4edb-9447-7c457d8ac131}</UniqueIdentifier>
    </Filter>
    <Filter Include="Algorithm\Graph_DFS_BFS">
      <UniqueIdentifier>{a9c323bc-d4a4-44d5-ad11-05b52d3a700b}</UniqueIdentifier>
    </Filter>
    <Filter Include="Algorithm\Bitmasking">
      <UniqueIdentifier>{724971f5-b48f-4a94-bc47-9d35b3f000eb}</UniqueIdentifier>
    </Filter>
    <Filter Include="한성대 코딩테스트">
      <UniqueIdentifier>{25db135b-5dea-4adc-b8f8-c137671be8b7}</UniqueIdentifier>
    </Filter>
    <Filter Include="경희대 코딩테스트">
      <UniqueIdentifier>{bed7f913-5ef3-484f-a635-d610b0e234c4}</UniqueIdentifier>
    </Filter>
    <Filter Include="2021 KAKAO BLIND RECRUITMENT">
      <UniqueIdentifier>{dfe3ff4d-cfa8-4d3c-b873-d9384ab21121}</UniqueIdentifier>
    </Filter>
  </ItemGroup>
  <ItemGroup>
    <ClCompile Include="main.cpp" />
    <ClCompile Include="DataStructure\stack\9012_괄호_실버4.cpp">
      <Filter>DataStructure\stack</Filter>
    </ClCompile>
    <ClCompile Include="DataStructure\stack\10828_스택_실버4.cpp">
      <Filter>DataStructure\stack</Filter>
    </ClCompile>
    <ClCompile Include="DataStructure\stack\2493_탑_골드5.cpp">
      <Filter>DataStructure\stack</Filter>
    </ClCompile>
    <ClCompile Include="DataStructure\list\23309_철도공사_골드5.cpp">
      <Filter>DataStructure\list</Filter>
    </ClCompile>
    <ClCompile Include="DataStructure\tree\1991_트리 순회.cpp">
      <Filter>DataStructure\tree</Filter>
    </ClCompile>
    <ClCompile Include="10866_덱_실버4.cpp">
      <Filter>DataStructure\list</Filter>
    </ClCompile>
    <ClCompile Include="1920_수 찾기_실버4.cpp">
      <Filter>DataStructure\Hash</Filter>
    </ClCompile>
    <ClCompile Include="1351_무한 수열_골드5.cpp">
      <Filter>DataStructure\Hash</Filter>
    </ClCompile>
    <ClCompile Include="1927_최소 힙_실버2.cpp">
      <Filter>DataStructure\Heap</Filter>
    </ClCompile>
    <ClCompile Include="11279_최대 힙_실버2.cpp">
      <Filter>DataStructure\Heap</Filter>
    </ClCompile>
    <ClCompile Include="더 맵게_level2.cpp">
      <Filter>DataStructure\Heap</Filter>
    </ClCompile>
    <ClCompile Include="Adjanceny Matrix _인접 행렬.cpp">
      <Filter>DataStructure\Graph</Filter>
    </ClCompile>
    <ClCompile Include="Adjanceny List_인접 리스트.cpp">
      <Filter>DataStructure\Graph</Filter>
    </ClCompile>
    <ClCompile Include="DFS.cpp">
      <Filter>DataStructure\Graph</Filter>
    </ClCompile>
    <ClCompile Include="BFS.cpp">
      <Filter>DataStructure\Graph</Filter>
    </ClCompile>
    <ClCompile Include="1260_DFS와 BFS_실버2.cpp">
      <Filter>DataStructure\Graph</Filter>
    </ClCompile>
    <ClCompile Include="combination_3for.cpp">
      <Filter>Algorithm\Basic</Filter>
    </ClCompile>
    <ClCompile Include="combination_recursive.cpp">
      <Filter>Algorithm\Basic</Filter>
    </ClCompile>
    <ClCompile Include="myPermutation.cpp">
      <Filter>Algorithm\Basic</Filter>
    </ClCompile>
    <ClCompile Include="Permutation.cpp">
      <Filter>Algorithm\Basic</Filter>
    </ClCompile>
    <ClCompile Include="2839_설탕 배달_실버4.cpp">
      <Filter>Algorithm\Dynamic_Programming</Filter>
    </ClCompile>
    <ClCompile Include="prefix_sum (누적합).cpp">
      <Filter>Algorithm\Basic</Filter>
    </ClCompile>
    <ClCompile Include="구현.cpp">
      <Filter>Algorithm\Basic</Filter>
    </ClCompile>
    <ClCompile Include="1-A_2309_일곱 난쟁이_브론즈1.cpp">
      <Filter>백준 문제</Filter>
    </ClCompile>
    <ClCompile Include="1-B_10808_알파벳 개수_브론즈4.cpp">
      <Filter>백준 문제</Filter>
    </ClCompile>
    <ClCompile Include="1-C_2979_트럭 주차_브론즈2.cpp">
      <Filter>백준 문제</Filter>
    </ClCompile>
    <ClCompile Include="1-D_10988_팰린드롬인지 확인하기_브론즈2.cpp">
      <Filter>백준 문제</Filter>
    </ClCompile>
    <ClCompile Include="1-E_1159_농구 경기_브론즈2.cpp">
      <Filter>백준 문제</Filter>
    </ClCompile>
    <ClCompile Include="1-F_11655_ROT13_브론즈1.cpp">
      <Filter>백준 문제</Filter>
    </ClCompile>
    <ClCompile Include="1-G_9996_한국이 그리울 땐 서버에 접속하지_실버3.cpp">
      <Filter>백준 문제</Filter>
    </ClCompile>
    <ClCompile Include="1-H_2559_수열_실버3.cpp">
      <Filter>백준 문제</Filter>
    </ClCompile>
    <ClCompile Include="1-I_1620_나는야 포켓몬 마스터 이다솜_실버4.cpp">
      <Filter>백준 문제</Filter>
    </ClCompile>
    <ClCompile Include="1-J_9375_패션왕 신해빈_실버3.cpp">
      <Filter>백준 문제</Filter>
    </ClCompile>
    <ClCompile Include="1-K_1213_팰린드롬 만들기_실버3.cpp">
      <Filter>백준 문제</Filter>
    </ClCompile>
    <ClCompile Include="1-L_1940 주몽_실버4.cpp">
      <Filter>백준 문제</Filter>
    </ClCompile>
    <ClCompile Include="1-M_3986 좋은 단어_실버4.cpp">
      <Filter>백준 문제</Filter>
    </ClCompile>
    <ClCompile Include="1-N_1629 곱셈_실버1.cpp">
      <Filter>백준 문제</Filter>
    </ClCompile>
    <ClCompile Include="1-O_4375 1_실버3.cpp">
      <Filter>백준 문제</Filter>
    </ClCompile>
    <ClCompile Include="Question1.cpp">
      <Filter>Algorithm\Graph_DFS_BFS</Filter>
    </ClCompile>
    <ClCompile Include="Question2.cpp">
      <Filter>Algorithm\Graph_DFS_BFS</Filter>
    </ClCompile>
    <ClCompile Include="dfs_with_coding_test.cpp">
      <Filter>Algorithm\Graph_DFS_BFS</Filter>
    </ClCompile>
    <ClCompile Include="방구쟁이야.cpp">
      <Filter>Algorithm\Graph_DFS_BFS</Filter>
    </ClCompile>
    <ClCompile Include="당근마켓.cpp">
      <Filter>Algorithm\Graph_DFS_BFS</Filter>
    </ClCompile>
    <ClCompile Include="2-A_2178_미로탐색_실버1.cpp">
      <Filter>백준 문제</Filter>
    </ClCompile>
    <ClCompile Include="2-B_1012_유기농 배추_실버2.cpp">
      <Filter>백준 문제</Filter>
    </ClCompile>
    <ClCompile Include="2-C_2468_안전 영역_실버1.cpp">
      <Filter>백준 문제</Filter>
    </ClCompile>
    <ClCompile Include="2-D_2583_영역 구하기_실버1.cpp">
      <Filter>백준 문제</Filter>
    </ClCompile>
    <ClCompile Include="2-E_1992_쿼드트리_실버1.cpp">
      <Filter>백준 문제</Filter>
    </ClCompile>
    <ClCompile Include="2-F_2828_사과 담기 게임_실버5.cpp">
      <Filter>백준 문제</Filter>
    </ClCompile>
    <ClCompile Include="2-G_2910_빈도 정렬_실버3.cpp">
      <Filter>백준 문제</Filter>
    </ClCompile>
    <ClCompile Include="2-H_4659_비밀번호 발음하기_실버5.cpp">
      <Filter>백준 문제</Filter>
    </ClCompile>
    <ClCompile Include="2-I_2870_수학숙제_실버4.cpp">
      <Filter>백준 문제</Filter>
    </ClCompile>
    <ClCompile Include="2-J_10709_기상캐스터_실버5.cpp">
      <Filter>백준 문제</Filter>
    </ClCompile>
    <ClCompile Include="2-K_3474_교수가 된 현우_실버3.cpp">
      <Filter>백준 문제</Filter>
    </ClCompile>
    <ClCompile Include="2-L_2852_NBA 농구_실버3.cpp">
      <Filter>백준 문제</Filter>
    </ClCompile>
    <ClCompile Include="2-M_1436_영화감독 숌_실버5.cpp">
      <Filter>백준 문제</Filter>
    </ClCompile>
    <ClCompile Include="2-N_9012_괄호_실버4.cpp">
      <Filter>백준 문제</Filter>
    </ClCompile>
    <ClCompile Include="2-O_4949_균형잡힌 세상_실버4.cpp">
      <Filter>백준 문제</Filter>
    </ClCompile>
    <ClCompile Include="2-P_14502_연구소_골드4.cpp">
      <Filter>백준 문제</Filter>
    </ClCompile>
    <ClCompile Include="2-Q_2636_치즈_골드4.cpp">
      <Filter>백준 문제</Filter>
    </ClCompile>
    <ClCompile Include="2-R_1068_트리_골드5.cpp">
      <Filter>백준 문제</Filter>
    </ClCompile>
    <ClCompile Include="2-S_1325_효율적인 해킹_실버1.cpp">
      <Filter>백준 문제</Filter>
    </ClCompile>
    <ClCompile Include="2-T_17298_오큰수_골드4.cpp">
      <Filter>백준 문제</Filter>
    </ClCompile>
    <ClCompile Include="3_00_1189_컴백홈_실버1.cpp">
      <Filter>백준 문제</Filter>
    </ClCompile>
    <ClCompile Include="3_01_17825_주사위 윷놀이_골드2.cpp">
      <Filter>백준 문제</Filter>
    </ClCompile>
    <ClCompile Include="3_02_17136_색종이 붙이기_골드2.cpp">
      <Filter>백준 문제</Filter>
    </ClCompile>
    <ClCompile Include="3-A_15686_치킨 배달_골드5.cpp">
      <Filter>백준 문제</Filter>
    </ClCompile>
    <ClCompile Include="3-B_2589_보물섬_골드5.cpp">
      <Filter>백준 문제</Filter>
    </ClCompile>
    <ClCompile Include="3-C_16234_인구 이동_골드5.cpp">
      <Filter>백준 문제</Filter>
    </ClCompile>
    <ClCompile Include="3-D_4179_불!_골드4.cpp">
      <Filter>백준 문제</Filter>
    </ClCompile>
    <ClCompile Include="3-E_12869_뮤탈리스크_골드4.cpp">
      <Filter>백준 문제</Filter>
    </ClCompile>
    <ClCompile Include="3-F_16637_괄호 추가하기_골드4.cpp">
      <Filter>백준 문제</Filter>
    </ClCompile>
    <ClCompile Include="3-G_12851_숨바꼭질 2_골드4.cpp">
      <Filter>백준 문제</Filter>
    </ClCompile>
    <ClCompile Include="3-H_13913_숨바꼭질 4_골드4.cpp">
      <Filter>백준 문제</Filter>
    </ClCompile>
    <ClCompile Include="0-0_template.cpp">
      <Filter>백준 문제</Filter>
    </ClCompile>
    <ClCompile Include="3-I_17071_숨바꼭질 5_플레5.cpp">
      <Filter>백준 문제</Filter>
    </ClCompile>
    <ClCompile Include="3-J_14497_주난의 난%28難%29_골드4.cpp">
      <Filter>백준 문제</Filter>
    </ClCompile>
    <ClCompile Include="3-K_3197_백조의 호수_플레5.cpp">
      <Filter>백준 문제</Filter>
    </ClCompile>
    <ClCompile Include="3-L_1987_알파벳_골드4.cpp">
      <Filter>백준 문제</Filter>
    </ClCompile>
    <ClCompile Include="3-M_2529_부등호_실버1.cpp">
      <Filter>백준 문제</Filter>
    </ClCompile>
    <ClCompile Include="3-N_9934_완전 이진 트리_실버1.cpp">
      <Filter>백준 문제</Filter>
    </ClCompile>
    <ClCompile Include="3-O_15684_사다리 조작.cpp">
      <Filter>백준 문제</Filter>
    </ClCompile>
    <ClCompile Include="3-P_14620_꽃길_실버2.cpp">
      <Filter>백준 문제</Filter>
    </ClCompile>
    <ClCompile Include="00_bit_operator.cpp">
      <Filter>Algorithm\Bitmasking</Filter>
    </ClCompile>
    <ClCompile Include="05_bitmasking_경우의 수.cpp">
      <Filter>Algorithm\Bitmasking</Filter>
    </ClCompile>
    <ClCompile Include="[모의] 문제 선정하기.cpp">
      <Filter>한성대 코딩테스트</Filter>
    </ClCompile>
    <ClCompile Include="[모의] 근묵자흑.cpp">
      <Filter>한성대 코딩테스트</Filter>
    </ClCompile>
    <ClCompile Include="금은보화.cpp">
      <Filter>경희대 코딩테스트</Filter>
    </ClCompile>
    <ClCompile Include="[대학] 경찰 출동.cpp">
      <Filter>한성대 코딩테스트</Filter>
    </ClCompile>
    <ClCompile Include="[대학] 잠자는 사자.cpp">
      <Filter>한성대 코딩테스트</Filter>
    </ClCompile>
    <ClCompile Include="[대학] 이게 왜 안돌아가 이건 왜 돌아가.cpp">
      <Filter>한성대 코딩테스트</Filter>
    </ClCompile>
    <ClCompile Include="Lv1_신규 아이디 추천.cpp">
      <Filter>2021 KAKAO BLIND RECRUITMENT</Filter>
    </ClCompile>
    <ClCompile Include="Lv2_메뉴 리뉴얼.cpp">
      <Filter>2021 KAKAO BLIND RECRUITMENT</Filter>
    </ClCompile>
    <ClCompile Include="Lv2_순위 검색.cpp">
      <Filter>2021 KAKAO BLIND RECRUITMENT</Filter>
    </ClCompile>
    <ClCompile Include="4-A_19942_다이어트_골드5.cpp">
      <Filter>백준 문제</Filter>
    </ClCompile>
    <ClCompile Include="split.cpp">
      <Filter>Algorithm\Basic</Filter>
    </ClCompile>
    <ClCompile Include="4-B_동전뒤집기.cpp">
      <Filter>백준 문제</Filter>
    </ClCompile>
    <ClCompile Include="4-C_17471_게리맨더링_골드4.cpp">
      <Filter>백준 문제</Filter>
    </ClCompile>
    <ClCompile Include="4-E_14890_경사로_골드3.cpp">
      <Filter>백준 문제</Filter>
    </ClCompile>
    <ClCompile Include="4-F_1062_가르침_골드4.cpp">
      <Filter>백준 문제</Filter>
    </ClCompile>
    <ClCompile Include="4-G_1094_막대기_실버5.cpp">
      <Filter>백준 문제</Filter>
    </ClCompile>
    <ClCompile Include="n진법 변환.cpp">
      <Filter>Algorithm\Basic</Filter>
    </ClCompile>
    <ClCompile Include="4-H_2234_성곽.cpp">
      <Filter>백준 문제</Filter>
    </ClCompile>
    <ClCompile Include="4-I_11723_집합_실버5.cpp">
      <Filter>백준 문제</Filter>
    </ClCompile>
    <ClCompile Include="4-J_14393_종이 조각.cpp">
      <Filter>백준 문제</Filter>
    </ClCompile>
    <ClCompile Include="4-K_13244_Tree.cpp">
      <Filter>백준 문제</Filter>
    </ClCompile>
  </ItemGroup>
  <ItemGroup>
    <ClInclude Include="DataStructure\stack\stack.h">
      <Filter>DataStructure\stack</Filter>
    </ClInclude>
    <ClInclude Include="DataStructure\queue\queue.h">
      <Filter>DataStructure\queue</Filter>
    </ClInclude>
    <ClInclude Include="DataStructure\queue\CircularQueue.h">
      <Filter>DataStructure\queue</Filter>
    </ClInclude>
    <ClInclude Include="DataStructure\queue\DynamicQueue.h">
      <Filter>DataStructure\queue</Filter>
    </ClInclude>
    <ClInclude Include="DataStructure\queue\LinearQueue.h">
      <Filter>DataStructure\queue</Filter>
    </ClInclude>
    <ClInclude Include="DataStructure\list\ArrayList.h">
      <Filter>DataStructure\list</Filter>
    </ClInclude>
    <ClInclude Include="DataStructure\list\LinkedList.h">
      <Filter>DataStructure\list</Filter>
    </ClInclude>
    <ClInclude Include="DataStructure\list\CircularDoublyLinkedList.h">
      <Filter>DataStructure\list</Filter>
    </ClInclude>
    <ClInclude Include="DataStructure\list\node.h">
      <Filter>DataStructure\list</Filter>
    </ClInclude>
    <ClInclude Include="DataStructure\tree\BinarySearchTree.h">
      <Filter>DataStructure\tree</Filter>
    </ClInclude>
    <ClInclude Include="deque.h">
      <Filter>DataStructure\list</Filter>
    </ClInclude>
    <ClInclude Include="hash_map.h">
      <Filter>DataStructure\Hash</Filter>
    </ClInclude>
    <ClInclude Include="hash_multimap.h">
      <Filter>DataStructure\Hash</Filter>
    </ClInclude>
    <ClInclude Include="heap.h">
      <Filter>DataStructure\Heap</Filter>
    </ClInclude>
    <ClInclude Include="graph.h">
      <Filter>DataStructure\Graph</Filter>
    </ClInclude>
  </ItemGroup>
  <ItemGroup>
    <None Include="hash_map.inl">
      <Filter>DataStructure\Hash</Filter>
    </None>
    <None Include="hash_multimap.inl">
      <Filter>DataStructure\Hash</Filter>
    </None>
    <None Include="01_bit_operator_+_-.txt">
      <Filter>Algorithm\Bitmasking</Filter>
    </None>
    <None Include="02_bit_operator_AND_OR.txt">
      <Filter>Algorithm\Bitmasking</Filter>
    </None>
    <None Include="03_bit_operator_shift_.txt">
      <Filter>Algorithm\Bitmasking</Filter>
    </None>
    <None Include="04_bit_operator_XOR.txt">
      <Filter>Algorithm\Bitmasking</Filter>
    </None>
  </ItemGroup>
</Project>